
Microsoft Visual Studio Solution File, Format Version 12.00
# Visual Studio Version 16
VisualStudioVersion = 16.0.28803.156
MinimumVisualStudioVersion = 10.0.40219.1
Project("{FAE04EC0-301F-11D3-BF4B-00C04F79EFBC}") = "p1Valkyrie", "p1Valkyrie\p1Valkyrie.csproj", "{E43FBAAA-FBCE-4C33-8203-1966DF6281FF}"
EndProject
Global
	GlobalSection(SolutionConfigurationPlatforms) = preSolution
		Debug|Any CPU = Debug|Any CPU
		Release|Any CPU = Release|Any CPU
	EndGlobalSection
	GlobalSection(ProjectConfigurationPlatforms) = postSolution
		{E43FBAAA-FBCE-4C33-8203-1966DF6281FF}.Debug|Any CPU.ActiveCfg = Debug|Any CPU
		{E43FBAAA-FBCE-4C33-8203-1966DF6281FF}.Debug|Any CPU.Build.0 = Debug|Any CPU
		{E43FBAAA-FBCE-4C33-8203-1966DF6281FF}.Release|Any CPU.ActiveCfg = Release|Any CPU
		{E43FBAAA-FBCE-4C33-8203-1966DF6281FF}.Release|Any CPU.Build.0 = Release|Any CPU
	EndGlobalSection
	GlobalSection(SolutionProperties) = preSolution
		HideSolutionNode = FALSE
	EndGlobalSection
	GlobalSection(ExtensibilityGlobals) = postSolution
		SolutionGuid = {A9435DAB-BB3A-4E5E-9DD5-5D5766DEF12A}
	EndGlobalSection
EndGlobal
